github.com/google/uuid v1.1.1/go.mod h1:TIyPZe4MgqvfeYDBFedMoGGpEw/LqOeaOT+nhxU+yHo=
github.com/google/uuid v1.1.2 h1:EVhdT+1Kseyi1/pUmXKaFxYsDNy9RQYkMWRH68J/W7Y=
github.com/google/uuid v1.1.2/go.mod h1:TIyPZe4MgqvfeYDBFedMoGGpEw/LqOeaOT+nhxU+yHo=
github.com/marin-h/simple-dsp/internal v0.0.0-20200830183419-7b7b342719f0 h1:CqVu/QPh7fAcrrU1XyODgF7MYT9QHzZcVaRWWxKeIvE=
github.com/marin-h/simple-dsp/internal v0.0.0-20200830183419-7b7b342719f0/go.mod h1:6Z92BuCn9TMhDl2HC7S+09+V1CqYOoAC3lTyxl5HaYM=
